
Microsoft Visual Studio Solution File, Format Version 12.00
# Visual Studio Version 16
VisualStudioVersion = 16.0.31424.327
MinimumVisualStudioVersion = 10.0.40219.1
Project("{8BC9CEB8-8B4A-11D0-8D11-00A0C91BC942}") = "MusicGen++", "MusicGen++\MusicGen++.vcxproj", "{EF8E54F7-CC1C-4CB3-859A-75944DC1CE00}"
EndProject
Global
	GlobalSection(SolutionConfigurationPlatforms) = preSolution
		Debug|x64 = Debug|x64
		Debug|x86 = Debug|x86
		Release|x64 = Release|x64
		Release|x86 = Release|x86
	EndGlobalSection
	GlobalSection(ProjectConfigurationPlatforms) = postSolution
		{EF8E54F7-CC1C-4CB3-859A-75944DC1CE00}.Debug|x64.ActiveCfg = Debug|x64
		{EF8E54F7-CC1C-4CB3-859A-75944DC1CE00}.Debug|x64.Build.0 = Debug|x64
		{EF8E54F7-CC1C-4CB3-859A-75944DC1CE00}.Debug|x86.ActiveCfg = Debug|Win32
		{EF8E54F7-CC1C-4CB3-859A-75944DC1CE00}.Debug|x86.Build.0 = Debug|Win32
		{EF8E54F7-CC1C-4CB3-859A-75944DC1CE00}.Release|x64.ActiveCfg = Release|x64
		{EF8E54F7-CC1C-4CB3-859A-75944DC1CE00}.Release|x64.Build.0 = Release|x64
		{EF8E54F7-CC1C-4CB3-859A-75944DC1CE00}.Release|x86.ActiveCfg = Release|Win32
		{EF8E54F7-CC1C-4CB3-859A-75944DC1CE00}.Release|x86.Build.0 = Release|Win32
	EndGlobalSection
	GlobalSection(SolutionProperties) = preSolution
		HideSolutionNode = FALSE
	EndGlobalSection
	GlobalSection(ExtensibilityGlobals) = postSolution
		SolutionGuid = {EF2889A2-6C66-4CDD-8D26-A688C12F18E3}
	EndGlobalSection
EndGlobal
